
Microsoft Visual Studio Solution File, Format Version 12.00
# Visual Studio 15
VisualStudioVersion = 15.0.27703.2035
MinimumVisualStudioVersion = 10.0.40219.1
Project("{FAE04EC0-301F-11D3-BF4B-00C04F79EFBC}") = "Vidly", "Vidly\Vidly.csproj", "{BE200D9A-0209-4823-8B10-DBCF95857B2D}"
EndProject
Global
	GlobalSection(SolutionConfigurationPlatforms) = preSolution
		Debug|Any CPU = Debug|Any CPU
		Release|Any CPU = Release|Any CPU
	EndGlobalSection
	GlobalSection(ProjectConfigurationPlatforms) = postSolution
		{BE200D9A-0209-4823-8B10-DBCF95857B2D}.Debug|Any CPU.ActiveCfg = Debug|Any CPU
		{BE200D9A-0209-4823-8B10-DBCF95857B2D}.Debug|Any CPU.Build.0 = Debug|Any CPU
		{BE200D9A-0209-4823-8B10-DBCF95857B2D}.Release|Any CPU.ActiveCfg = Release|Any CPU
		{BE200D9A-0209-4823-8B10-DBCF95857B2D}.Release|Any CPU.Build.0 = Release|Any CPU
	EndGlobalSection
	GlobalSection(SolutionProperties) = preSolution
		HideSolutionNode = FALSE
	EndGlobalSection
	GlobalSection(ExtensibilityGlobals) = postSolution
		SolutionGuid = {F2C7B3E0-E582-460B-BCEE-0FF397CDBAB2}
	EndGlobalSection
EndGlobal
